
Microsoft Visual Studio Solution File, Format Version 12.00
# Visual Studio Version 16
VisualStudioVersion = 16.0.30523.141
MinimumVisualStudioVersion = 10.0.40219.1
Project("{FAE04EC0-301F-11D3-BF4B-00C04F79EFBC}") = "List", "List\List.csproj", "{0B92941C-7A10-4193-BBA7-6D512DD29D8B}"
EndProject
Global
	GlobalSection(SolutionConfigurationPlatforms) = preSolution
		Debug|Any CPU = Debug|Any CPU
		Release|Any CPU = Release|Any CPU
	EndGlobalSection
	GlobalSection(ProjectConfigurationPlatforms) = postSolution
		{0B92941C-7A10-4193-BBA7-6D512DD29D8B}.Debug|Any CPU.ActiveCfg = Debug|Any CPU
		{0B92941C-7A10-4193-BBA7-6D512DD29D8B}.Debug|Any CPU.Build.0 = Debug|Any CPU
		{0B92941C-7A10-4193-BBA7-6D512DD29D8B}.Release|Any CPU.ActiveCfg = Release|Any CPU
		{0B92941C-7A10-4193-BBA7-6D512DD29D8B}.Release|Any CPU.Build.0 = Release|Any CPU
	EndGlobalSection
	GlobalSection(SolutionProperties) = preSolution
		HideSolutionNode = FALSE
	EndGlobalSection
	GlobalSection(ExtensibilityGlobals) = postSolution
		SolutionGuid = {B5F69018-8762-467F-8B9D-44BF357310AA}
	EndGlobalSection
EndGlobal
